// !$*UTF8*$!
{
	archiveVersion = 1;
	classes = {
	};
	objectVersion = 48;
	objects = {

/* Begin PBXBuildFile section */
		308882CF1F24B9B000949E66 /* Localizable.strings in Resources */ = {isa = PBXBuildFile; fileRef = 308882D11F24B9B000949E66 /* Localizable.strings */; };
		BE78540F1F0A5797007545E0 /* LineNode.swift in Sources */ = {isa = PBXBuildFile; fileRef = BE78540E1F0A5797007545E0 /* LineNode.swift */; };
		BEC37AAA1F0B8C5300FC4290 /* Utilities.swift in Sources */ = {isa = PBXBuildFile; fileRef = BEC37AA91F0B8C3D00FC4290 /* Utilities.swift */; };
		BEF8B8091F063C6F00084079 /* AppDelegate.swift in Sources */ = {isa = PBXBuildFile; fileRef = BEF8B8081F063C6F00084079 /* AppDelegate.swift */; };
		BEF8B80B1F063C6F00084079 /* art.scnassets in Resources */ = {isa = PBXBuildFile; fileRef = BEF8B80A1F063C6F00084079 /* art.scnassets */; };
		BEF8B80D1F063C6F00084079 /* ViewController.swift in Sources */ = {isa = PBXBuildFile; fileRef = BEF8B80C1F063C6F00084079 /* ViewController.swift */; };
		BEF8B8101F063C6F00084079 /* Main.storyboard in Resources */ = {isa = PBXBuildFile; fileRef = BEF8B80E1F063C6F00084079 /* Main.storyboard */; };
		BEF8B8121F063C6F00084079 /* Assets.xcassets in Resources */ = {isa = PBXBuildFile; fileRef = BEF8B8111F063C6F00084079 /* Assets.xcassets */; };
		BEF8B8151F063C6F00084079 /* LaunchScreen.storyboard in Resources */ = {isa = PBXBuildFile; fileRef = BEF8B8131F063C6F00084079 /* LaunchScreen.storyboard */; };
		D741157C1F16527500BF7C8C /* FocusSquare.swift in Sources */ = {isa = PBXBuildFile; fileRef = D741157B1F16525A00BF7C8C /* FocusSquare.swift */; };
		D741157D1F16527500BF7C8C /* Plane.swift in Sources */ = {isa = PBXBuildFile; fileRef = D741157A1F16525A00BF7C8C /* Plane.swift */; };
		D741157E1F16527500BF7C8C /* PlaneDebugVisualization.swift in Sources */ = {isa = PBXBuildFile; fileRef = D74115791F16525A00BF7C8C /* PlaneDebugVisualization.swift */; };
/* End PBXBuildFile section */

/* Begin PBXFileReference section */
		308882CB1F24B87A00949E66 /* zh-Hans */ = {isa = PBXFileReference; lastKnownFileType = text.plist.strings; name = "zh-Hans"; path = "zh-Hans.lproj/Main.strings"; sourceTree = "<group>"; };
		308882CC1F24B87A00949E66 /* zh-Hans */ = {isa = PBXFileReference; lastKnownFileType = text.plist.strings; name = "zh-Hans"; path = "zh-Hans.lproj/LaunchScreen.strings"; sourceTree = "<group>"; };
		308882D01F24B9B000949E66 /* en */ = {isa = PBXFileReference; lastKnownFileType = text.plist.strings; name = en; path = en.lproj/Localizable.strings; sourceTree = "<group>"; };
		308882D21F24B9B300949E66 /* zh-Hans */ = {isa = PBXFileReference; lastKnownFileType = text.plist.strings; name = "zh-Hans"; path = "zh-Hans.lproj/Localizable.strings"; sourceTree = "<group>"; };
		BE78540E1F0A5797007545E0 /* LineNode.swift */ = {isa = PBXFileReference; lastKnownFileType = sourcecode.swift; path = LineNode.swift; sourceTree = "<group>"; };
		BEC37AA91F0B8C3D00FC4290 /* Utilities.swift */ = {isa = PBXFileReference; lastKnownFileType = sourcecode.swift; path = Utilities.swift; sourceTree = "<group>"; };
		BEF8B8051F063C6F00084079 /* ARuler.app */ = {isa = PBXFileReference; explicitFileType = wrapper.application; includeInIndex = 0; path = ARuler.app; sourceTree = BUILT_PRODUCTS_DIR; };
		BEF8B8081F063C6F00084079 /* AppDelegate.swift */ = {isa = PBXFileReference; lastKnownFileType = sourcecode.swift; path = AppDelegate.swift; sourceTree = "<group>"; };
		BEF8B80A1F063C6F00084079 /* art.scnassets */ = {isa = PBXFileReference; lastKnownFileType = wrapper.scnassets; path = art.scnassets; sourceTree = "<group>"; };
		BEF8B80C1F063C6F00084079 /* ViewController.swift */ = {isa = PBXFileReference; lastKnownFileType = sourcecode.swift; path = ViewController.swift; sourceTree = "<group>"; };
		BEF8B80F1F063C6F00084079 /* Base */ = {isa = PBXFileReference; lastKnownFileType = file.storyboard; name = Base; path = Base.lproj/Main.storyboard; sourceTree = "<group>"; };
		BEF8B8111F063C6F00084079 /* Assets.xcassets */ = {isa = PBXFileReference; lastKnownFileType = folder.assetcatalog; path = Assets.xcassets; sourceTree = "<group>"; };
		BEF8B8141F063C6F00084079 /* Base */ = {isa = PBXFileReference; lastKnownFileType = file.storyboard; name = Base; path = Base.lproj/LaunchScreen.storyboard; sourceTree = "<group>"; };
		BEF8B8161F063C6F00084079 /* Info.plist */ = {isa = PBXFileReference; lastKnownFileType = text.plist.xml; path = Info.plist; sourceTree = "<group>"; };
		D74115791F16525A00BF7C8C /* PlaneDebugVisualization.swift */ = {isa = PBXFileReference; lastKnownFileType = sourcecode.swift; path = PlaneDebugVisualization.swift; sourceTree = "<group>"; };
		D741157A1F16525A00BF7C8C /* Plane.swift */ = {isa = PBXFileReference; lastKnownFileType = sourcecode.swift; path = Plane.swift; sourceTree = "<group>"; };
		D741157B1F16525A00BF7C8C /* FocusSquare.swift */ = {isa = PBXFileReference; lastKnownFileType = sourcecode.swift; path = FocusSquare.swift; sourceTree = "<group>"; };
/* End PBXFileReference section */

/* Begin PBXFrameworksBuildPhase section */
		BEF8B8021F063C6F00084079 /* Frameworks */ = {
			isa = PBXFrameworksBuildPhase;
			buildActionMask = 2147483647;
			files = (
			);
			runOnlyForDeploymentPostprocessing = 0;
		};
/* End PBXFrameworksBuildPhase section */

/* Begin PBXGroup section */
		BEF8B7FC1F063C6F00084079 = {
			isa = PBXGroup;
			children = (
				BEF8B8071F063C6F00084079 /* ARuler */,
				BEF8B8061F063C6F00084079 /* Products */,
			);
			sourceTree = "<group>";
		};
		BEF8B8061F063C6F00084079 /* Products */ = {
			isa = PBXGroup;
			children = (
				BEF8B8051F063C6F00084079 /* ARuler.app */,
			);
			name = Products;
			sourceTree = "<group>";
		};
		BEF8B8071F063C6F00084079 /* ARuler */ = {
			isa = PBXGroup;
			children = (
				BEF8B8081F063C6F00084079 /* AppDelegate.swift */,
				BEF8B80A1F063C6F00084079 /* art.scnassets */,
				BEF8B80C1F063C6F00084079 /* ViewController.swift */,
				BE78540E1F0A5797007545E0 /* LineNode.swift */,
				D741157B1F16525A00BF7C8C /* FocusSquare.swift */,
				D741157A1F16525A00BF7C8C /* Plane.swift */,
				D74115791F16525A00BF7C8C /* PlaneDebugVisualization.swift */,
				BEC37AA91F0B8C3D00FC4290 /* Utilities.swift */,
				BEF8B80E1F063C6F00084079 /* Main.storyboard */,
				BEF8B8111F063C6F00084079 /* Assets.xcassets */,
				BEF8B8131F063C6F00084079 /* LaunchScreen.storyboard */,
				BEF8B8161F063C6F00084079 /* Info.plist */,
				308882D11F24B9B000949E66 /* Localizable.strings */,
			);
			path = ARuler;
			sourceTree = "<group>";
		};
/* End PBXGroup section */

/* Begin PBXNativeTarget section */
		BEF8B8041F063C6F00084079 /* ARuler */ = {
			isa = PBXNativeTarget;
			buildConfigurationList = BEF8B8191F063C6F00084079 /* Build configuration list for PBXNativeTarget "ARuler" */;
			buildPhases = (
				BEF8B8011F063C6F00084079 /* Sources */,
				BEF8B8021F063C6F00084079 /* Frameworks */,
				BEF8B8031F063C6F00084079 /* Resources */,
			);
			buildRules = (
			);
			dependencies = (
			);
			name = ARuler;
			productName = ARuler;
			productReference = BEF8B8051F063C6F00084079 /* ARuler.app */;
			productType = "com.apple.product-type.application";
		};
/* End PBXNativeTarget section */

/* Begin PBXProject section */
		BEF8B7FD1F063C6F00084079 /* Project object */ = {
			isa = PBXProject;
			attributes = {
				LastSwiftUpdateCheck = 0900;
				LastUpgradeCheck = 0900;
				ORGANIZATIONNAME = duzexu;
				TargetAttributes = {
					BEF8B8041F063C6F00084079 = {
						CreatedOnToolsVersion = 9.0;
					};
				};
			};
			buildConfigurationList = BEF8B8001F063C6F00084079 /* Build configuration list for PBXProject "ARuler" */;
			compatibilityVersion = "Xcode 8.0";
			developmentRegion = en;
			hasScannedForEncodings = 0;
			knownRegions = (
				en,
				Base,
				"zh-Hans",
			);
			mainGroup = BEF8B7FC1F063C6F00084079;
			productRefGroup = BEF8B8061F063C6F00084079 /* Products */;
			projectDirPath = "";
			projectRoot = "";
			targets = (
				BEF8B8041F063C6F00084079 /* ARuler */,
			);
		};
/* End PBXProject section */

/* Begin PBXResourcesBuildPhase section */
		BEF8B8031F063C6F00084079 /* Resources */ = {
			isa = PBXResourcesBuildPhase;
			buildActionMask = 2147483647;
			files = (
				308882CF1F24B9B000949E66 /* Localizable.strings in Resources */,
				BEF8B80B1F063C6F00084079 /* art.scnassets in Resources */,
				BEF8B8151F063C6F00084079 /* LaunchScreen.storyboard in Resources */,
				BEF8B8121F063C6F00084079 /* Assets.xcassets in Resources */,
				BEF8B8101F063C6F00084079 /* Main.storyboard in Resources */,
			);
			runOnlyForDeploymentPostprocessing = 0;
		};
/* End PBXResourcesBuildPhase section */

/* Begin PBXSourcesBuildPhase section */
		BEF8B8011F063C6F00084079 /* Sources */ = {
			isa = PBXSourcesBuildPhase;
			buildActionMask = 2147483647;
			files = (
				BEC37AAA1F0B8C5300FC4290 /* Utilities.swift in Sources */,
				BEF8B80D1F063C6F00084079 /* ViewController.swift in Sources */,
				BEF8B8091F063C6F00084079 /* AppDelegate.swift in Sources */,
				BE78540F1F0A5797007545E0 /* LineNode.swift in Sources */,
				D741157D1F16527500BF7C8C /* Plane.swift in Sources */,
				D741157E1F16527500BF7C8C /* PlaneDebugVisualization.swift in Sources */,
				D741157C1F16527500BF7C8C /* FocusSquare.swift in Sources */,
			);
			runOnlyForDeploymentPostprocessing = 0;
		};
/* End PBXSourcesBuildPhase section */

/* Begin PBXVariantGroup section */
		308882D11F24B9B000949E66 /* Localizable.strings */ = {
			isa = PBXVariantGroup;
			children = (
				308882D01F24B9B000949E66 /* en */,
				308882D21F24B9B300949E66 /* zh-Hans */,
			);
			name = Localizable.strings;
			sourceTree = "<group>";
		};
		BEF8B80E1F063C6F00084079 /* Main.storyboard */ = {
			isa = PBXVariantGroup;
			children = (
				BEF8B80F1F063C6F00084079 /* Base */,
				308882CB1F24B87A00949E66 /* zh-Hans */,
			);
			name = Main.storyboard;
			sourceTree = "<group>";
		};
		BEF8B8131F063C6F00084079 /* LaunchScreen.storyboard */ = {
			isa = PBXVariantGroup;
			children = (
				BEF8B8141F063C6F00084079 /* Base */,
				308882CC1F24B87A00949E66 /* zh-Hans */,
			);
			name = LaunchScreen.storyboard;
			sourceTree = "<group>";
		};
/* End PBXVariantGroup section */

/* Begin XCBuildConfiguration section */
		BEF8B8171F063C6F00084079 /* Debug */ = {
			isa = XCBuildConfiguration;
			buildSettings = {
				ALWAYS_SEARCH_USER_PATHS = NO;
				CLANG_ANALYZER_LOCALIZABILITY_NONLOCALIZED = YES;
				CLANG_ANALYZER_NONNULL = YES;
				CLANG_ANALYZER_NUMBER_OBJECT_CONVERSION = YES_AGGRESSIVE;
				CLANG_CXX_LANGUAGE_STANDARD = "gnu++14";
				CLANG_CXX_LIBRARY = "libc++";
				CLANG_ENABLE_MODULES = YES;
				CLANG_ENABLE_OBJC_ARC = YES;
				CLANG_WARN_BLOCK_CAPTURE_AUTORELEASING = YES;
				CLANG_WARN_BOOL_CONVERSION = YES;
				CLANG_WARN_COMMA = YES;
				CLANG_WARN_CONSTANT_CONVERSION = YES;
				CLANG_WARN_DIRECT_OBJC_ISA_USAGE = YES_ERROR;
				CLANG_WARN_DOCUMENTATION_COMMENTS = YES;
				CLANG_WARN_EMPTY_BODY = YES;
				CLANG_WARN_ENUM_CONVERSION = YES;
				CLANG_WARN_INFINITE_RECURSION = YES;
				CLANG_WARN_INT_CONVERSION = YES;
				CLANG_WARN_OBJC_ROOT_CLASS = YES_ERROR;
				CLANG_WARN_RANGE_LOOP_ANALYSIS = YES;
				CLANG_WARN_STRICT_PROTOTYPES = YES;
				CLANG_WARN_SUSPICIOUS_MOVE = YES;
				CLANG_WARN_UNGUARDED_AVAILABILITY = YES_AGGRESSIVE;
				CLANG_WARN_UNREACHABLE_CODE = YES;
				CLANG_WARN__DUPLICATE_METHOD_MATCH = YES;
				CODE_SIGN_IDENTITY = "iPhone Developer";
				COPY_PHASE_STRIP = NO;
				DEBUG_INFORMATION_FORMAT = dwarf;
				ENABLE_STRICT_OBJC_MSGSEND = YES;
				ENABLE_TESTABILITY = YES;
				GCC_C_LANGUAGE_STANDARD = gnu11;
				GCC_DYNAMIC_NO_PIC = NO;
				GCC_NO_COMMON_BLOCKS = YES;
				GCC_OPTIMIZATION_LEVEL = 0;
				GCC_PREPROCESSOR_DEFINITIONS = (
					"DEBUG=1",
					"$(inherited)",
				);
				GCC_WARN_64_TO_32_BIT_CONVERSION = YES;
				GCC_WARN_ABOUT_RETURN_TYPE = YES_ERROR;
				GCC_WARN_UNDECLARED_SELECTOR = YES;
				GCC_WARN_UNINITIALIZED_AUTOS = YES_AGGRESSIVE;
				GCC_WARN_UNUSED_FUNCTION = YES;
				GCC_WARN_UNUSED_VARIABLE = YES;
				IPHONEOS_DEPLOYMENT_TARGET = 11.0;
				MTL_ENABLE_DEBUG_INFO = YES;
				ONLY_ACTIVE_ARCH = YES;
				SDKROOT = iphoneos;
				SWIFT_ACTIVE_COMPILATION_CONDITIONS = DEBUG;
				SWIFT_OPTIMIZATION_LEVEL = "-Onone";
			};
			name = Debug;
		};
		BEF8B8181F063C6F00084079 /* Release */ = {
			isa = XCBuildConfiguration;
			buildSettings = {
				ALWAYS_SEARCH_USER_PATHS = NO;
				CLANG_ANALYZER_LOCALIZABILITY_NONLOCALIZED = YES;
				CLANG_ANALYZER_NONNULL = YES;
				CLANG_ANALYZER_NUMBER_OBJECT_CONVERSION = YES_AGGRESSIVE;
				CLANG_CXX_LANGUAGE_STANDARD = "gnu++14";
				CLANG_CXX_LIBRARY = "libc++";
				CLANG_ENABLE_MODULES = YES;
				CLANG_ENABLE_OBJC_ARC = YES;
				CLANG_WARN_BLOCK_CAPTURE_AUTORELEASING = YES;
				CLANG_WARN_BOOL_CONVERSION = YES;
				CLANG_WARN_COMMA = YES;
				CLANG_WARN_CONSTANT_CONVERSION = YES;
				CLANG_WARN_DIRECT_OBJC_ISA_USAGE = YES_ERROR;
				CLANG_WARN_DOCUMENTATION_COMMENTS = YES;
				CLANG_WARN_EMPTY_BODY = YES;
				CLANG_WARN_ENUM_CONVERSION = YES;
				CLANG_WARN_INFINITE_RECURSION = YES;
				CLANG_WARN_INT_CONVERSION = YES;
				CLANG_WARN_OBJC_ROOT_CLASS = YES_ERROR;
				CLANG_WARN_RANGE_LOOP_ANALYSIS = YES;
				CLANG_WARN_STRICT_PROTOTYPES = YES;
				CLANG_WARN_SUSPICIOUS_MOVE = YES;
				CLANG_WARN_UNGUARDED_AVAILABILITY = YES_AGGRESSIVE;
				CLANG_WARN_UNREACHABLE_CODE = YES;
				CLANG_WARN__DUPLICATE_METHOD_MATCH = YES;
				CODE_SIGN_IDENTITY = "iPhone Developer";
				COPY_PHASE_STRIP = NO;
				DEBUG_INFORMATION_FORMAT = "dwarf-with-dsym";
				ENABLE_NS_ASSERTIONS = NO;
				ENABLE_STRICT_OBJC_MSGSEND = YES;
				GCC_C_LANGUAGE_STANDARD = gnu11;
				GCC_NO_COMMON_BLOCKS = YES;
				GCC_WARN_64_TO_32_BIT_CONVERSION = YES;
				GCC_WARN_ABOUT_RETURN_TYPE = YES_ERROR;
				GCC_WARN_UNDECLARED_SELECTOR = YES;
				GCC_WARN_UNINITIALIZED_AUTOS = YES_AGGRESSIVE;
				GCC_WARN_UNUSED_FUNCTION = YES;
				GCC_WARN_UNUSED_VARIABLE = YES;
				IPHONEOS_DEPLOYMENT_TARGET = 11.0;
				MTL_ENABLE_DEBUG_INFO = NO;
				SDKROOT = iphoneos;
				SWIFT_OPTIMIZATION_LEVEL = "-Owholemodule";
				VALIDATE_PRODUCT = YES;
			};
			name = Release;
		};
		BEF8B81A1F063C6F00084079 /* Debug */ = {
			isa = XCBuildConfiguration;
			buildSettings = {
				ASSETCATALOG_COMPILER_APPICON_NAME = AppIcon;
				DEVELOPMENT_TEAM = S6ZSA2VV9P;
				INFOPLIST_FILE = ARuler/Info.plist;
				LD_RUNPATH_SEARCH_PATHS = "$(inherited) @executable_path/Frameworks";
				PRODUCT_BUNDLE_IDENTIFIER = com.duzexu.www.ARuler;
				PRODUCT_NAME = "$(TARGET_NAME)";
				SWIFT_VERSION = 4.0;
				TARGETED_DEVICE_FAMILY = "1,2";
			};
			name = Debug;
		};
		BEF8B81B1F063C6F00084079 /* Release */ = {
			isa = XCBuildConfiguration;
			buildSettings = {
				ASSETCATALOG_COMPILER_APPICON_NAME = AppIcon;
				DEVELOPMENT_TEAM = S6ZSA2VV9P;
				INFOPLIST_FILE = ARuler/Info.plist;
				LD_RUNPATH_SEARCH_PATHS = "$(inherited) @executable_path/Frameworks";
				PRODUCT_BUNDLE_IDENTIFIER = com.duzexu.www.ARuler;
				PRODUCT_NAME = "$(TARGET_NAME)";
				SWIFT_VERSION = 4.0;
				TARGETED_DEVICE_FAMILY = "1,2";
			};
			name = Release;
		};
/* End XCBuildConfiguration section */

/* Begin XCConfigurationList section */
		BEF8B8001F063C6F00084079 /* Build configuration list for PBXProject "ARuler" */ = {
			isa = XCConfigurationList;
			buildConfigurations = (
				BEF8B8171F063C6F00084079 /* Debug */,
				BEF8B8181F063C6F00084079 /* Release */,
			);
			defaultConfigurationIsVisible = 0;
			defaultConfigurationName = Release;
		};
		BEF8B8191F063C6F00084079 /* Build configuration list for PBXNativeTarget "ARuler" */ = {
			isa = XCConfigurationList;
			buildConfigurations = (
				BEF8B81A1F063C6F00084079 /* Debug */,
				BEF8B81B1F063C6F00084079 /* Release */,
			);
			defaultConfigurationIsVisible = 0;
			defaultConfigurationName = Release;
		};
/* End XCConfigurationList section */
	};
	rootObject = BEF8B7FD1F063C6F00084079 /* Project object */;
}
